
Microsoft Visual Studio Solution File, Format Version 12.00
# Visual Studio 2013
VisualStudioVersion = 12.0.21005.1
MinimumVisualStudioVersion = 10.0.40219.1
Project("{D2ABAB84-BF74-430A-B69E-9DC6D40DDA17}") = "AdventureWorksCube", "AdventureWorksCube\AdventureWorksCube.dwproj", "{B2951F2E-8E76-4A0D-ABDE-C4D99DEB2F17}"
EndProject
Global
	GlobalSection(SolutionConfigurationPlatforms) = preSolution
		Development|Default = Development|Default
	EndGlobalSection
	GlobalSection(ProjectConfigurationPlatforms) = postSolution
		{B2951F2E-8E76-4A0D-ABDE-C4D99DEB2F17}.Development|Default.ActiveCfg = Development
		{B2951F2E-8E76-4A0D-ABDE-C4D99DEB2F17}.Development|Default.Build.0 = Development
		{B2951F2E-8E76-4A0D-ABDE-C4D99DEB2F17}.Development|Default.Deploy.0 = Development
	EndGlobalSection
	GlobalSection(SolutionProperties) = preSolution
		HideSolutionNode = FALSE
	EndGlobalSection
EndGlobal
